// !$*UTF8*$!
{
	archiveVersion = 1;
	classes = {
	};
	objectVersion = 52;
	objects = {

/* Begin PBXBuildFile section */
		139AB1009D1A213953FE5C44 /* Pods_BikeSpotSearchTests.framework in Frameworks */ = {isa = PBXBuildFile; fileRef = 9810AB3437167A5EC121E276 /* Pods_BikeSpotSearchTests.framework */; };
		1C230D3C2EDBD3C18A66DF98 /* Pods_BikeSpotSearch_BikeSpotSearchUITests.framework in Frameworks */ = {isa = PBXBuildFile; fileRef = 09D5C419DD80D0D3398D6EA4 /* Pods_BikeSpotSearch_BikeSpotSearchUITests.framework */; };
		814798C60C23B19B5D6E0D81 /* Pods_BikeSpotSearch.framework in Frameworks */ = {isa = PBXBuildFile; fileRef = E3CA44E26D6A99393F2DF162 /* Pods_BikeSpotSearch.framework */; };
		8467CA92257753F9009A1E14 /* AppDelegate.swift in Sources */ = {isa = PBXBuildFile; fileRef = 8467CA91257753F9009A1E14 /* AppDelegate.swift */; };
		8467CA94257753F9009A1E14 /* SceneDelegate.swift in Sources */ = {isa = PBXBuildFile; fileRef = 8467CA93257753F9009A1E14 /* SceneDelegate.swift */; };
		8467CA96257753F9009A1E14 /* TopMapViewController.swift in Sources */ = {isa = PBXBuildFile; fileRef = 8467CA95257753F9009A1E14 /* TopMapViewController.swift */; };
		8467CA99257753F9009A1E14 /* TopMap.storyboard in Resources */ = {isa = PBXBuildFile; fileRef = 8467CA97257753F9009A1E14 /* TopMap.storyboard */; };
		8467CA9B257753FE009A1E14 /* Assets.xcassets in Resources */ = {isa = PBXBuildFile; fileRef = 8467CA9A257753FE009A1E14 /* Assets.xcassets */; };
		8467CA9E257753FE009A1E14 /* LaunchScreen.storyboard in Resources */ = {isa = PBXBuildFile; fileRef = 8467CA9C257753FE009A1E14 /* LaunchScreen.storyboard */; };
		8467CAA9257753FE009A1E14 /* BikeSpotSearchTests.swift in Sources */ = {isa = PBXBuildFile; fileRef = 8467CAA8257753FE009A1E14 /* BikeSpotSearchTests.swift */; };
		8467CAB4257753FE009A1E14 /* BikeSpotSearchUITests.swift in Sources */ = {isa = PBXBuildFile; fileRef = 8467CAB3257753FE009A1E14 /* BikeSpotSearchUITests.swift */; };
		8474207D2578BFDE0038B829 /* Alamofire in Frameworks */ = {isa = PBXBuildFile; productRef = 8474207C2578BFDE0038B829 /* Alamofire */; };
		8474208325792B370038B829 /* TopMapPresenter.swift in Sources */ = {isa = PBXBuildFile; fileRef = 8474208225792B370038B829 /* TopMapPresenter.swift */; };
		84742088257935B00038B829 /* TopMapModel.swift in Sources */ = {isa = PBXBuildFile; fileRef = 84742087257935B00038B829 /* TopMapModel.swift */; };
		8474209925793BB00038B829 /* GMRequest.swift in Sources */ = {isa = PBXBuildFile; fileRef = 8474209825793BB00038B829 /* GMRequest.swift */; };
		847420A9257A42B50038B829 /* GMAPI.swift in Sources */ = {isa = PBXBuildFile; fileRef = 847420A8257A42B50038B829 /* GMAPI.swift */; };
		847420AF257A45CC0038B829 /* BikeSpot.swift in Sources */ = {isa = PBXBuildFile; fileRef = 847420AE257A45CC0038B829 /* BikeSpot.swift */; };
		847420C6257A5BB40038B829 /* ResultStatus.swift in Sources */ = {isa = PBXBuildFile; fileRef = 847420C5257A5BB40038B829 /* ResultStatus.swift */; };
		847420CF257A718A0038B829 /* GMAPIClinet.swift in Sources */ = {isa = PBXBuildFile; fileRef = 847420CE257A718A0038B829 /* GMAPIClinet.swift */; };
		8480A14D25779E0E009C9E29 /* apiKey.plist in Resources */ = {isa = PBXBuildFile; fileRef = 8480A14C25779E0E009C9E29 /* apiKey.plist */; };
		8480A1532577A2C7009C9E29 /* APIKeyManager.swift in Sources */ = {isa = PBXBuildFile; fileRef = 8480A1522577A2C7009C9E29 /* APIKeyManager.swift */; };
/* End PBXBuildFile section */

/* Begin PBXContainerItemProxy section */
		8467CAA5257753FE009A1E14 /* PBXContainerItemProxy */ = {
			isa = PBXContainerItemProxy;
			containerPortal = 8467CA86257753F9009A1E14 /* Project object */;
			proxyType = 1;
			remoteGlobalIDString = 8467CA8D257753F9009A1E14;
			remoteInfo = BikeSpotSearch;
		};
		8467CAB0257753FE009A1E14 /* PBXContainerItemProxy */ = {
			isa = PBXContainerItemProxy;
			containerPortal = 8467CA86257753F9009A1E14 /* Project object */;
			proxyType = 1;
			remoteGlobalIDString = 8467CA8D257753F9009A1E14;
			remoteInfo = BikeSpotSearch;
		};
/* End PBXContainerItemProxy section */

/* Begin PBXFileReference section */
		09D5C419DD80D0D3398D6EA4 /* Pods_BikeSpotSearch_BikeSpotSearchUITests.framework */ = {isa = PBXFileReference; explicitFileType = wrapper.framework; includeInIndex = 0; path = Pods_BikeSpotSearch_BikeSpotSearchUITests.framework; sourceTree = BUILT_PRODUCTS_DIR; };
		17A8F1E6B9A310CB8AFDD2FE /* Pods-BikeSpotSearch-BikeSpotSearchUITests.release.xcconfig */ = {isa = PBXFileReference; includeInIndex = 1; lastKnownFileType = text.xcconfig; name = "Pods-BikeSpotSearch-BikeSpotSearchUITests.release.xcconfig"; path = "Target Support Files/Pods-BikeSpotSearch-BikeSpotSearchUITests/Pods-BikeSpotSearch-BikeSpotSearchUITests.release.xcconfig"; sourceTree = "<group>"; };
		4B994162BA8AB28746624175 /* Pods-BikeSpotSearch.debug.xcconfig */ = {isa = PBXFileReference; includeInIndex = 1; lastKnownFileType = text.xcconfig; name = "Pods-BikeSpotSearch.debug.xcconfig"; path = "Target Support Files/Pods-BikeSpotSearch/Pods-BikeSpotSearch.debug.xcconfig"; sourceTree = "<group>"; };
		4D2095474DC7FFA325C67A8A /* Pods-BikeSpotSearch.release.xcconfig */ = {isa = PBXFileReference; includeInIndex = 1; lastKnownFileType = text.xcconfig; name = "Pods-BikeSpotSearch.release.xcconfig"; path = "Target Support Files/Pods-BikeSpotSearch/Pods-BikeSpotSearch.release.xcconfig"; sourceTree = "<group>"; };
		8467CA8E257753F9009A1E14 /* BikeSpotSearch.app */ = {isa = PBXFileReference; explicitFileType = wrapper.application; includeInIndex = 0; path = BikeSpotSearch.app; sourceTree = BUILT_PRODUCTS_DIR; };
		8467CA91257753F9009A1E14 /* AppDelegate.swift */ = {isa = PBXFileReference; lastKnownFileType = sourcecode.swift; path = AppDelegate.swift; sourceTree = "<group>"; };
		8467CA93257753F9009A1E14 /* SceneDelegate.swift */ = {isa = PBXFileReference; lastKnownFileType = sourcecode.swift; path = SceneDelegate.swift; sourceTree = "<group>"; };
		8467CA95257753F9009A1E14 /* TopMapViewController.swift */ = {isa = PBXFileReference; lastKnownFileType = sourcecode.swift; path = TopMapViewController.swift; sourceTree = "<group>"; };
		8467CA98257753F9009A1E14 /* Base */ = {isa = PBXFileReference; lastKnownFileType = file.storyboard; name = Base; path = Base.lproj/TopMap.storyboard; sourceTree = "<group>"; };
		8467CA9A257753FE009A1E14 /* Assets.xcassets */ = {isa = PBXFileReference; lastKnownFileType = folder.assetcatalog; path = Assets.xcassets; sourceTree = "<group>"; };
		8467CA9D257753FE009A1E14 /* Base */ = {isa = PBXFileReference; lastKnownFileType = file.storyboard; name = Base; path = Base.lproj/LaunchScreen.storyboard; sourceTree = "<group>"; };
		8467CA9F257753FE009A1E14 /* Info.plist */ = {isa = PBXFileReference; lastKnownFileType = text.plist.xml; path = Info.plist; sourceTree = "<group>"; };
		8467CAA4257753FE009A1E14 /* BikeSpotSearchTests.xctest */ = {isa = PBXFileReference; explicitFileType = wrapper.cfbundle; includeInIndex = 0; path = BikeSpotSearchTests.xctest; sourceTree = BUILT_PRODUCTS_DIR; };
		8467CAA8257753FE009A1E14 /* BikeSpotSearchTests.swift */ = {isa = PBXFileReference; lastKnownFileType = sourcecode.swift; path = BikeSpotSearchTests.swift; sourceTree = "<group>"; };
		8467CAAA257753FE009A1E14 /* Info.plist */ = {isa = PBXFileReference; lastKnownFileType = text.plist.xml; path = Info.plist; sourceTree = "<group>"; };
		8467CAAF257753FE009A1E14 /* BikeSpotSearchUITests.xctest */ = {isa = PBXFileReference; explicitFileType = wrapper.cfbundle; includeInIndex = 0; path = BikeSpotSearchUITests.xctest; sourceTree = BUILT_PRODUCTS_DIR; };
		8467CAB3257753FE009A1E14 /* BikeSpotSearchUITests.swift */ = {isa = PBXFileReference; lastKnownFileType = sourcecode.swift; path = BikeSpotSearchUITests.swift; sourceTree = "<group>"; };
		8467CAB5257753FE009A1E14 /* Info.plist */ = {isa = PBXFileReference; lastKnownFileType = text.plist.xml; path = Info.plist; sourceTree = "<group>"; };
		8474208225792B370038B829 /* TopMapPresenter.swift */ = {isa = PBXFileReference; lastKnownFileType = sourcecode.swift; path = TopMapPresenter.swift; sourceTree = "<group>"; };
		84742087257935B00038B829 /* TopMapModel.swift */ = {isa = PBXFileReference; lastKnownFileType = sourcecode.swift; path = TopMapModel.swift; sourceTree = "<group>"; };
		8474209825793BB00038B829 /* GMRequest.swift */ = {isa = PBXFileReference; lastKnownFileType = sourcecode.swift; path = GMRequest.swift; sourceTree = "<group>"; };
		847420A8257A42B50038B829 /* GMAPI.swift */ = {isa = PBXFileReference; lastKnownFileType = sourcecode.swift; path = GMAPI.swift; sourceTree = "<group>"; };
		847420AE257A45CC0038B829 /* BikeSpot.swift */ = {isa = PBXFileReference; lastKnownFileType = sourcecode.swift; path = BikeSpot.swift; sourceTree = "<group>"; };
		847420C5257A5BB40038B829 /* ResultStatus.swift */ = {isa = PBXFileReference; lastKnownFileType = sourcecode.swift; path = ResultStatus.swift; sourceTree = "<group>"; };
		847420CE257A718A0038B829 /* GMAPIClinet.swift */ = {isa = PBXFileReference; lastKnownFileType = sourcecode.swift; path = GMAPIClinet.swift; sourceTree = "<group>"; };
		8480A14C25779E0E009C9E29 /* apiKey.plist */ = {isa = PBXFileReference; lastKnownFileType = text.plist.xml; path = apiKey.plist; sourceTree = "<group>"; };
		8480A1522577A2C7009C9E29 /* APIKeyManager.swift */ = {isa = PBXFileReference; lastKnownFileType = sourcecode.swift; path = APIKeyManager.swift; sourceTree = "<group>"; };
		9810AB3437167A5EC121E276 /* Pods_BikeSpotSearchTests.framework */ = {isa = PBXFileReference; explicitFileType = wrapper.framework; includeInIndex = 0; path = Pods_BikeSpotSearchTests.framework; sourceTree = BUILT_PRODUCTS_DIR; };
		AD1735EE927A836941A4558E /* Pods-BikeSpotSearch-BikeSpotSearchUITests.debug.xcconfig */ = {isa = PBXFileReference; includeInIndex = 1; lastKnownFileType = text.xcconfig; name = "Pods-BikeSpotSearch-BikeSpotSearchUITests.debug.xcconfig"; path = "Target Support Files/Pods-BikeSpotSearch-BikeSpotSearchUITests/Pods-BikeSpotSearch-BikeSpotSearchUITests.debug.xcconfig"; sourceTree = "<group>"; };
		E3CA44E26D6A99393F2DF162 /* Pods_BikeSpotSearch.framework */ = {isa = PBXFileReference; explicitFileType = wrapper.framework; includeInIndex = 0; path = Pods_BikeSpotSearch.framework; sourceTree = BUILT_PRODUCTS_DIR; };
		F08BC9ABD779FE74ABCAB5D3 /* Pods-BikeSpotSearchTests.debug.xcconfig */ = {isa = PBXFileReference; includeInIndex = 1; lastKnownFileType = text.xcconfig; name = "Pods-BikeSpotSearchTests.debug.xcconfig"; path = "Target Support Files/Pods-BikeSpotSearchTests/Pods-BikeSpotSearchTests.debug.xcconfig"; sourceTree = "<group>"; };
		FFBA96C5D6932A8091615638 /* Pods-BikeSpotSearchTests.release.xcconfig */ = {isa = PBXFileReference; includeInIndex = 1; lastKnownFileType = text.xcconfig; name = "Pods-BikeSpotSearchTests.release.xcconfig"; path = "Target Support Files/Pods-BikeSpotSearchTests/Pods-BikeSpotSearchTests.release.xcconfig"; sourceTree = "<group>"; };
/* End PBXFileReference section */

/* Begin PBXFrameworksBuildPhase section */
		8467CA8B257753F9009A1E14 /* Frameworks */ = {
			isa = PBXFrameworksBuildPhase;
			buildActionMask = 2147483647;
			files = (
				814798C60C23B19B5D6E0D81 /* Pods_BikeSpotSearch.framework in Frameworks */,
				8474207D2578BFDE0038B829 /* Alamofire in Frameworks */,
			);
			runOnlyForDeploymentPostprocessing = 0;
		};
		8467CAA1257753FE009A1E14 /* Frameworks */ = {
			isa = PBXFrameworksBuildPhase;
			buildActionMask = 2147483647;
			files = (
				139AB1009D1A213953FE5C44 /* Pods_BikeSpotSearchTests.framework in Frameworks */,
			);
			runOnlyForDeploymentPostprocessing = 0;
		};
		8467CAAC257753FE009A1E14 /* Frameworks */ = {
			isa = PBXFrameworksBuildPhase;
			buildActionMask = 2147483647;
			files = (
				1C230D3C2EDBD3C18A66DF98 /* Pods_BikeSpotSearch_BikeSpotSearchUITests.framework in Frameworks */,
			);
			runOnlyForDeploymentPostprocessing = 0;
		};
/* End PBXFrameworksBuildPhase section */

/* Begin PBXGroup section */
		0705FE5B56B1ED624A826455 /* Frameworks */ = {
			isa = PBXGroup;
			children = (
				E3CA44E26D6A99393F2DF162 /* Pods_BikeSpotSearch.framework */,
				09D5C419DD80D0D3398D6EA4 /* Pods_BikeSpotSearch_BikeSpotSearchUITests.framework */,
				9810AB3437167A5EC121E276 /* Pods_BikeSpotSearchTests.framework */,
			);
			name = Frameworks;
			sourceTree = "<group>";
		};
		54CFAD101D765E0F92E4B363 /* Pods */ = {
			isa = PBXGroup;
			children = (
				4B994162BA8AB28746624175 /* Pods-BikeSpotSearch.debug.xcconfig */,
				4D2095474DC7FFA325C67A8A /* Pods-BikeSpotSearch.release.xcconfig */,
				AD1735EE927A836941A4558E /* Pods-BikeSpotSearch-BikeSpotSearchUITests.debug.xcconfig */,
				17A8F1E6B9A310CB8AFDD2FE /* Pods-BikeSpotSearch-BikeSpotSearchUITests.release.xcconfig */,
				F08BC9ABD779FE74ABCAB5D3 /* Pods-BikeSpotSearchTests.debug.xcconfig */,
				FFBA96C5D6932A8091615638 /* Pods-BikeSpotSearchTests.release.xcconfig */,
			);
			path = Pods;
			sourceTree = "<group>";
		};
		8467CA85257753F9009A1E14 = {
			isa = PBXGroup;
			children = (
				8467CA90257753F9009A1E14 /* BikeSpotSearch */,
				8467CAA7257753FE009A1E14 /* BikeSpotSearchTests */,
				8467CAB2257753FE009A1E14 /* BikeSpotSearchUITests */,
				8467CA8F257753F9009A1E14 /* Products */,
				54CFAD101D765E0F92E4B363 /* Pods */,
				0705FE5B56B1ED624A826455 /* Frameworks */,
			);
			sourceTree = "<group>";
		};
		8467CA8F257753F9009A1E14 /* Products */ = {
			isa = PBXGroup;
			children = (
				8467CA8E257753F9009A1E14 /* BikeSpotSearch.app */,
				8467CAA4257753FE009A1E14 /* BikeSpotSearchTests.xctest */,
				8467CAAF257753FE009A1E14 /* BikeSpotSearchUITests.xctest */,
			);
			name = Products;
			sourceTree = "<group>";
		};
		8467CA90257753F9009A1E14 /* BikeSpotSearch */ = {
			isa = PBXGroup;
			children = (
				8467CA91257753F9009A1E14 /* AppDelegate.swift */,
				8467CA93257753F9009A1E14 /* SceneDelegate.swift */,
				8474208F257939370038B829 /* TopMap */,
				847420CD257A71690038B829 /* APIClinet */,
				8474209425793B3D0038B829 /* Reuqest */,
				847420AD257A430D0038B829 /* Response */,
				8467CA9A257753FE009A1E14 /* Assets.xcassets */,
				8467CA9C257753FE009A1E14 /* LaunchScreen.storyboard */,
				8480A1512577A2A2009C9E29 /* Misc */,
				8480A14B25779DB9009C9E29 /* Resources */,
			);
			path = BikeSpotSearch;
			sourceTree = "<group>";
		};
		8467CAA7257753FE009A1E14 /* BikeSpotSearchTests */ = {
			isa = PBXGroup;
			children = (
				8467CAA8257753FE009A1E14 /* BikeSpotSearchTests.swift */,
				8467CAAA257753FE009A1E14 /* Info.plist */,
			);
			path = BikeSpotSearchTests;
			sourceTree = "<group>";
		};
		8467CAB2257753FE009A1E14 /* BikeSpotSearchUITests */ = {
			isa = PBXGroup;
			children = (
				8467CAB3257753FE009A1E14 /* BikeSpotSearchUITests.swift */,
				8467CAB5257753FE009A1E14 /* Info.plist */,
			);
			path = BikeSpotSearchUITests;
			sourceTree = "<group>";
		};
		8474208F257939370038B829 /* TopMap */ = {
			isa = PBXGroup;
			children = (
				8467CA95257753F9009A1E14 /* TopMapViewController.swift */,
				8474208225792B370038B829 /* TopMapPresenter.swift */,
				84742087257935B00038B829 /* TopMapModel.swift */,
				8467CA97257753F9009A1E14 /* TopMap.storyboard */,
			);
			path = TopMap;
			sourceTree = "<group>";
		};
		8474209425793B3D0038B829 /* Reuqest */ = {
			isa = PBXGroup;
			children = (
				8474209825793BB00038B829 /* GMRequest.swift */,
				847420A8257A42B50038B829 /* GMAPI.swift */,
			);
			path = Reuqest;
			sourceTree = "<group>";
		};
		847420AD257A430D0038B829 /* Response */ = {
			isa = PBXGroup;
			children = (
				847420AE257A45CC0038B829 /* BikeSpot.swift */,
				847420C5257A5BB40038B829 /* ResultStatus.swift */,
			);
			path = Response;
			sourceTree = "<group>";
		};
		847420CD257A71690038B829 /* APIClinet */ = {
			isa = PBXGroup;
			children = (
				847420CE257A718A0038B829 /* GMAPIClinet.swift */,
			);
			path = APIClinet;
			sourceTree = "<group>";
		};
		8480A14B25779DB9009C9E29 /* Resources */ = {
			isa = PBXGroup;
			children = (
				8467CA9F257753FE009A1E14 /* Info.plist */,
				8480A14C25779E0E009C9E29 /* apiKey.plist */,
			);
			path = Resources;
			sourceTree = "<group>";
		};
		8480A1512577A2A2009C9E29 /* Misc */ = {
			isa = PBXGroup;
			children = (
				8480A1522577A2C7009C9E29 /* APIKeyManager.swift */,
			);
			path = Misc;
			sourceTree = "<group>";
		};
/* End PBXGroup section */

/* Begin PBXNativeTarget section */
		8467CA8D257753F9009A1E14 /* BikeSpotSearch */ = {
			isa = PBXNativeTarget;
			buildConfigurationList = 8467CAB8257753FE009A1E14 /* Build configuration list for PBXNativeTarget "BikeSpotSearch" */;
			buildPhases = (
				0321BEF26AA855B5952AA3E3 /* [CP] Check Pods Manifest.lock */,
				8467CA8A257753F9009A1E14 /* Sources */,
				8467CA8B257753F9009A1E14 /* Frameworks */,
				8467CA8C257753F9009A1E14 /* Resources */,
				8467CAE025779397009A1E14 /* SwiftLint */,
				5DEE58A9D02B9CF507DDD75D /* [CP] Copy Pods Resources */,
			);
			buildRules = (
			);
			dependencies = (
			);
			name = BikeSpotSearch;
			packageProductDependencies = (
				8474207C2578BFDE0038B829 /* Alamofire */,
			);
			productName = BikeSpotSearch;
			productReference = 8467CA8E257753F9009A1E14 /* BikeSpotSearch.app */;
			productType = "com.apple.product-type.application";
		};
		8467CAA3257753FE009A1E14 /* BikeSpotSearchTests */ = {
			isa = PBXNativeTarget;
			buildConfigurationList = 8467CABB257753FE009A1E14 /* Build configuration list for PBXNativeTarget "BikeSpotSearchTests" */;
			buildPhases = (
				848AC8CC34B2B6A02EDFCC66 /* [CP] Check Pods Manifest.lock */,
				8467CAA0257753FE009A1E14 /* Sources */,
				8467CAA1257753FE009A1E14 /* Frameworks */,
				8467CAA2257753FE009A1E14 /* Resources */,
			);
			buildRules = (
			);
			dependencies = (
				8467CAA6257753FE009A1E14 /* PBXTargetDependency */,
			);
			name = BikeSpotSearchTests;
			productName = BikeSpotSearchTests;
			productReference = 8467CAA4257753FE009A1E14 /* BikeSpotSearchTests.xctest */;
			productType = "com.apple.product-type.bundle.unit-test";
		};
		8467CAAE257753FE009A1E14 /* BikeSpotSearchUITests */ = {
			isa = PBXNativeTarget;
			buildConfigurationList = 8467CABE257753FE009A1E14 /* Build configuration list for PBXNativeTarget "BikeSpotSearchUITests" */;
			buildPhases = (
				8A36506B1B9519A84A42382B /* [CP] Check Pods Manifest.lock */,
				8467CAAB257753FE009A1E14 /* Sources */,
				8467CAAC257753FE009A1E14 /* Frameworks */,
				8467CAAD257753FE009A1E14 /* Resources */,
				07243097C2F16CE247FEBE3B /* [CP] Copy Pods Resources */,
			);
			buildRules = (
			);
			dependencies = (
				8467CAB1257753FE009A1E14 /* PBXTargetDependency */,
			);
			name = BikeSpotSearchUITests;
			productName = BikeSpotSearchUITests;
			productReference = 8467CAAF257753FE009A1E14 /* BikeSpotSearchUITests.xctest */;
			productType = "com.apple.product-type.bundle.ui-testing";
		};
/* End PBXNativeTarget section */

/* Begin PBXProject section */
		8467CA86257753F9009A1E14 /* Project object */ = {
			isa = PBXProject;
			attributes = {
				LastSwiftUpdateCheck = 1220;
				LastUpgradeCheck = 1220;
				TargetAttributes = {
					8467CA8D257753F9009A1E14 = {
						CreatedOnToolsVersion = 12.2;
					};
					8467CAA3257753FE009A1E14 = {
						CreatedOnToolsVersion = 12.2;
						TestTargetID = 8467CA8D257753F9009A1E14;
					};
					8467CAAE257753FE009A1E14 = {
						CreatedOnToolsVersion = 12.2;
						TestTargetID = 8467CA8D257753F9009A1E14;
					};
				};
			};
			buildConfigurationList = 8467CA89257753F9009A1E14 /* Build configuration list for PBXProject "BikeSpotSearch" */;
			compatibilityVersion = "Xcode 9.3";
			developmentRegion = en;
			hasScannedForEncodings = 0;
			knownRegions = (
				en,
				Base,
			);
			mainGroup = 8467CA85257753F9009A1E14;
			packageReferences = (
				8474207B2578BFDE0038B829 /* XCRemoteSwiftPackageReference "Alamofire" */,
			);
			productRefGroup = 8467CA8F257753F9009A1E14 /* Products */;
			projectDirPath = "";
			projectRoot = "";
			targets = (
				8467CA8D257753F9009A1E14 /* BikeSpotSearch */,
				8467CAA3257753FE009A1E14 /* BikeSpotSearchTests */,
				8467CAAE257753FE009A1E14 /* BikeSpotSearchUITests */,
			);
		};
/* End PBXProject section */

/* Begin PBXResourcesBuildPhase section */
		8467CA8C257753F9009A1E14 /* Resources */ = {
			isa = PBXResourcesBuildPhase;
			buildActionMask = 2147483647;
			files = (
				8467CA9E257753FE009A1E14 /* LaunchScreen.storyboard in Resources */,
				8480A14D25779E0E009C9E29 /* apiKey.plist in Resources */,
				8467CA9B257753FE009A1E14 /* Assets.xcassets in Resources */,
				8467CA99257753F9009A1E14 /* TopMap.storyboard in Resources */,
			);
			runOnlyForDeploymentPostprocessing = 0;
		};
		8467CAA2257753FE009A1E14 /* Resources */ = {
			isa = PBXResourcesBuildPhase;
			buildActionMask = 2147483647;
			files = (
			);
			runOnlyForDeploymentPostprocessing = 0;
		};
		8467CAAD257753FE009A1E14 /* Resources */ = {
			isa = PBXResourcesBuildPhase;
			buildActionMask = 2147483647;
			files = (
			);
			runOnlyForDeploymentPostprocessing = 0;
		};
/* End PBXResourcesBuildPhase section */

/* Begin PBXShellScriptBuildPhase section */
		0321BEF26AA855B5952AA3E3 /* [CP] Check Pods Manifest.lock */ = {
			isa = PBXShellScriptBuildPhase;
			buildActionMask = 2147483647;
			files = (
			);
			inputFileListPaths = (
			);
			inputPaths = (
				"${PODS_PODFILE_DIR_PATH}/Podfile.lock",
				"${PODS_ROOT}/Manifest.lock",
			);
			name = "[CP] Check Pods Manifest.lock";
			outputFileListPaths = (
			);
			outputPaths = (
				"$(DERIVED_FILE_DIR)/Pods-BikeSpotSearch-checkManifestLockResult.txt",
			);
			runOnlyForDeploymentPostprocessing = 0;
			shellPath = /bin/sh;
			shellScript = "diff \"${PODS_PODFILE_DIR_PATH}/Podfile.lock\" \"${PODS_ROOT}/Manifest.lock\" > /dev/null\nif [ $? != 0 ] ; then\n    # print error to STDERR\n    echo \"error: The sandbox is not in sync with the Podfile.lock. Run 'pod install' or update your CocoaPods installation.\" >&2\n    exit 1\nfi\n# This output is used by Xcode 'outputs' to avoid re-running this script phase.\necho \"SUCCESS\" > \"${SCRIPT_OUTPUT_FILE_0}\"\n";
			showEnvVarsInLog = 0;
		};
		07243097C2F16CE247FEBE3B /* [CP] Copy Pods Resources */ = {
			isa = PBXShellScriptBuildPhase;
			buildActionMask = 2147483647;
			files = (
			);
			inputFileListPaths = (
				"${PODS_ROOT}/Target Support Files/Pods-BikeSpotSearch-BikeSpotSearchUITests/Pods-BikeSpotSearch-BikeSpotSearchUITests-resources-${CONFIGURATION}-input-files.xcfilelist",
			);
			name = "[CP] Copy Pods Resources";
			outputFileListPaths = (
				"${PODS_ROOT}/Target Support Files/Pods-BikeSpotSearch-BikeSpotSearchUITests/Pods-BikeSpotSearch-BikeSpotSearchUITests-resources-${CONFIGURATION}-output-files.xcfilelist",
			);
			runOnlyForDeploymentPostprocessing = 0;
			shellPath = /bin/sh;
			shellScript = "\"${PODS_ROOT}/Target Support Files/Pods-BikeSpotSearch-BikeSpotSearchUITests/Pods-BikeSpotSearch-BikeSpotSearchUITests-resources.sh\"\n";
			showEnvVarsInLog = 0;
		};
		5DEE58A9D02B9CF507DDD75D /* [CP] Copy Pods Resources */ = {
			isa = PBXShellScriptBuildPhase;
			buildActionMask = 2147483647;
			files = (
			);
			inputFileListPaths = (
				"${PODS_ROOT}/Target Support Files/Pods-BikeSpotSearch/Pods-BikeSpotSearch-resources-${CONFIGURATION}-input-files.xcfilelist",
			);
			name = "[CP] Copy Pods Resources";
			outputFileListPaths = (
				"${PODS_ROOT}/Target Support Files/Pods-BikeSpotSearch/Pods-BikeSpotSearch-resources-${CONFIGURATION}-output-files.xcfilelist",
			);
			runOnlyForDeploymentPostprocessing = 0;
			shellPath = /bin/sh;
			shellScript = "\"${PODS_ROOT}/Target Support Files/Pods-BikeSpotSearch/Pods-BikeSpotSearch-resources.sh\"\n";
			showEnvVarsInLog = 0;
		};
		8467CAE025779397009A1E14 /* SwiftLint */ = {
			isa = PBXShellScriptBuildPhase;
			buildActionMask = 2147483647;
			files = (
			);
			inputFileListPaths = (
			);
			inputPaths = (
			);
			name = SwiftLint;
			outputFileListPaths = (
			);
			outputPaths = (
			);
			runOnlyForDeploymentPostprocessing = 0;
			shellPath = /bin/sh;
			shellScript = "if mint list | grep -q 'SwiftLint'; then\n  mint run swiftlint    \nelse \n  echo \"error: SwiftLint not installed, run 'mint bootstrap' to install\"\n  exit 1\nfi\n";
		};
		848AC8CC34B2B6A02EDFCC66 /* [CP] Check Pods Manifest.lock */ = {
			isa = PBXShellScriptBuildPhase;
			buildActionMask = 2147483647;
			files = (
			);
			inputFileListPaths = (
			);
			inputPaths = (
				"${PODS_PODFILE_DIR_PATH}/Podfile.lock",
				"${PODS_ROOT}/Manifest.lock",
			);
			name = "[CP] Check Pods Manifest.lock";
			outputFileListPaths = (
			);
			outputPaths = (
				"$(DERIVED_FILE_DIR)/Pods-BikeSpotSearchTests-checkManifestLockResult.txt",
			);
			runOnlyForDeploymentPostprocessing = 0;
			shellPath = /bin/sh;
			shellScript = "diff \"${PODS_PODFILE_DIR_PATH}/Podfile.lock\" \"${PODS_ROOT}/Manifest.lock\" > /dev/null\nif [ $? != 0 ] ; then\n    # print error to STDERR\n    echo \"error: The sandbox is not in sync with the Podfile.lock. Run 'pod install' or update your CocoaPods installation.\" >&2\n    exit 1\nfi\n# This output is used by Xcode 'outputs' to avoid re-running this script phase.\necho \"SUCCESS\" > \"${SCRIPT_OUTPUT_FILE_0}\"\n";
			showEnvVarsInLog = 0;
		};
		8A36506B1B9519A84A42382B /* [CP] Check Pods Manifest.lock */ = {
			isa = PBXShellScriptBuildPhase;
			buildActionMask = 2147483647;
			files = (
			);
			inputFileListPaths = (
			);
			inputPaths = (
				"${PODS_PODFILE_DIR_PATH}/Podfile.lock",
				"${PODS_ROOT}/Manifest.lock",
			);
			name = "[CP] Check Pods Manifest.lock";
			outputFileListPaths = (
			);
			outputPaths = (
				"$(DERIVED_FILE_DIR)/Pods-BikeSpotSearch-BikeSpotSearchUITests-checkManifestLockResult.txt",
			);
			runOnlyForDeploymentPostprocessing = 0;
			shellPath = /bin/sh;
			shellScript = "diff \"${PODS_PODFILE_DIR_PATH}/Podfile.lock\" \"${PODS_ROOT}/Manifest.lock\" > /dev/null\nif [ $? != 0 ] ; then\n    # print error to STDERR\n    echo \"error: The sandbox is not in sync with the Podfile.lock. Run 'pod install' or update your CocoaPods installation.\" >&2\n    exit 1\nfi\n# This output is used by Xcode 'outputs' to avoid re-running this script phase.\necho \"SUCCESS\" > \"${SCRIPT_OUTPUT_FILE_0}\"\n";
			showEnvVarsInLog = 0;
		};
/* End PBXShellScriptBuildPhase section */

/* Begin PBXSourcesBuildPhase section */
		8467CA8A257753F9009A1E14 /* Sources */ = {
			isa = PBXSourcesBuildPhase;
			buildActionMask = 2147483647;
			files = (
				8474208325792B370038B829 /* TopMapPresenter.swift in Sources */,
				847420AF257A45CC0038B829 /* BikeSpot.swift in Sources */,
				8474209925793BB00038B829 /* GMRequest.swift in Sources */,
				8480A1532577A2C7009C9E29 /* APIKeyManager.swift in Sources */,
				847420C6257A5BB40038B829 /* ResultStatus.swift in Sources */,
				84742088257935B00038B829 /* TopMapModel.swift in Sources */,
				847420A9257A42B50038B829 /* GMAPI.swift in Sources */,
				847420CF257A718A0038B829 /* GMAPIClinet.swift in Sources */,
				8467CA96257753F9009A1E14 /* TopMapViewController.swift in Sources */,
				8467CA92257753F9009A1E14 /* AppDelegate.swift in Sources */,
				8467CA94257753F9009A1E14 /* SceneDelegate.swift in Sources */,
			);
			runOnlyForDeploymentPostprocessing = 0;
		};
		8467CAA0257753FE009A1E14 /* Sources */ = {
			isa = PBXSourcesBuildPhase;
			buildActionMask = 2147483647;
			files = (
				8467CAA9257753FE009A1E14 /* BikeSpotSearchTests.swift in Sources */,
			);
			runOnlyForDeploymentPostprocessing = 0;
		};
		8467CAAB257753FE009A1E14 /* Sources */ = {
			isa = PBXSourcesBuildPhase;
			buildActionMask = 2147483647;
			files = (
				8467CAB4257753FE009A1E14 /* BikeSpotSearchUITests.swift in Sources */,
			);
			runOnlyForDeploymentPostprocessing = 0;
		};
/* End PBXSourcesBuildPhase section */

/* Begin PBXTargetDependency section */
		8467CAA6257753FE009A1E14 /* PBXTargetDependency */ = {
			isa = PBXTargetDependency;
			target = 8467CA8D257753F9009A1E14 /* BikeSpotSearch */;
			targetProxy = 8467CAA5257753FE009A1E14 /* PBXContainerItemProxy */;
		};
		8467CAB1257753FE009A1E14 /* PBXTargetDependency */ = {
			isa = PBXTargetDependency;
			target = 8467CA8D257753F9009A1E14 /* BikeSpotSearch */;
			targetProxy = 8467CAB0257753FE009A1E14 /* PBXContainerItemProxy */;
		};
/* End PBXTargetDependency section */

/* Begin PBXVariantGroup section */
		8467CA97257753F9009A1E14 /* TopMap.storyboard */ = {
			isa = PBXVariantGroup;
			children = (
				8467CA98257753F9009A1E14 /* Base */,
			);
			name = TopMap.storyboard;
			sourceTree = "<group>";
		};
		8467CA9C257753FE009A1E14 /* LaunchScreen.storyboard */ = {
			isa = PBXVariantGroup;
			children = (
				8467CA9D257753FE009A1E14 /* Base */,
			);
			name = LaunchScreen.storyboard;
			sourceTree = "<group>";
		};
/* End PBXVariantGroup section */

/* Begin XCBuildConfiguration section */
		8467CAB6257753FE009A1E14 /* Debug */ = {
			isa = XCBuildConfiguration;
			buildSettings = {
				ALWAYS_SEARCH_USER_PATHS = NO;
				CLANG_ANALYZER_NONNULL = YES;
				CLANG_ANALYZER_NUMBER_OBJECT_CONVERSION = YES_AGGRESSIVE;
				CLANG_CXX_LANGUAGE_STANDARD = "gnu++14";
				CLANG_CXX_LIBRARY = "libc++";
				CLANG_ENABLE_MODULES = YES;
				CLANG_ENABLE_OBJC_ARC = YES;
				CLANG_ENABLE_OBJC_WEAK = YES;
				CLANG_WARN_BLOCK_CAPTURE_AUTORELEASING = YES;
				CLANG_WARN_BOOL_CONVERSION = YES;
				CLANG_WARN_COMMA = YES;
				CLANG_WARN_CONSTANT_CONVERSION = YES;
				CLANG_WARN_DEPRECATED_OBJC_IMPLEMENTATIONS = YES;
				CLANG_WARN_DIRECT_OBJC_ISA_USAGE = YES_ERROR;
				CLANG_WARN_DOCUMENTATION_COMMENTS = YES;
				CLANG_WARN_EMPTY_BODY = YES;
				CLANG_WARN_ENUM_CONVERSION = YES;
				CLANG_WARN_INFINITE_RECURSION = YES;
				CLANG_WARN_INT_CONVERSION = YES;
				CLANG_WARN_NON_LITERAL_NULL_CONVERSION = YES;
				CLANG_WARN_OBJC_IMPLICIT_RETAIN_SELF = YES;
				CLANG_WARN_OBJC_LITERAL_CONVERSION = YES;
				CLANG_WARN_OBJC_ROOT_CLASS = YES_ERROR;
				CLANG_WARN_QUOTED_INCLUDE_IN_FRAMEWORK_HEADER = YES;
				CLANG_WARN_RANGE_LOOP_ANALYSIS = YES;
				CLANG_WARN_STRICT_PROTOTYPES = YES;
				CLANG_WARN_SUSPICIOUS_MOVE = YES;
				CLANG_WARN_UNGUARDED_AVAILABILITY = YES_AGGRESSIVE;
				CLANG_WARN_UNREACHABLE_CODE = YES;
				CLANG_WARN__DUPLICATE_METHOD_MATCH = YES;
				COPY_PHASE_STRIP = NO;
				DEBUG_INFORMATION_FORMAT = dwarf;
				ENABLE_STRICT_OBJC_MSGSEND = YES;
				ENABLE_TESTABILITY = YES;
				GCC_C_LANGUAGE_STANDARD = gnu11;
				GCC_DYNAMIC_NO_PIC = NO;
				GCC_NO_COMMON_BLOCKS = YES;
				GCC_OPTIMIZATION_LEVEL = 0;
				GCC_PREPROCESSOR_DEFINITIONS = (
					"DEBUG=1",
					"$(inherited)",
				);
				GCC_WARN_64_TO_32_BIT_CONVERSION = YES;
				GCC_WARN_ABOUT_RETURN_TYPE = YES_ERROR;
				GCC_WARN_UNDECLARED_SELECTOR = YES;
				GCC_WARN_UNINITIALIZED_AUTOS = YES_AGGRESSIVE;
				GCC_WARN_UNUSED_FUNCTION = YES;
				GCC_WARN_UNUSED_VARIABLE = YES;
				IPHONEOS_DEPLOYMENT_TARGET = 13.0;
				MTL_ENABLE_DEBUG_INFO = INCLUDE_SOURCE;
				MTL_FAST_MATH = YES;
				ONLY_ACTIVE_ARCH = YES;
				SDKROOT = iphoneos;
				SWIFT_ACTIVE_COMPILATION_CONDITIONS = DEBUG;
				SWIFT_OPTIMIZATION_LEVEL = "-Onone";
			};
			name = Debug;
		};
		8467CAB7257753FE009A1E14 /* Release */ = {
			isa = XCBuildConfiguration;
			buildSettings = {
				ALWAYS_SEARCH_USER_PATHS = NO;
				CLANG_ANALYZER_NONNULL = YES;
				CLANG_ANALYZER_NUMBER_OBJECT_CONVERSION = YES_AGGRESSIVE;
				CLANG_CXX_LANGUAGE_STANDARD = "gnu++14";
				CLANG_CXX_LIBRARY = "libc++";
				CLANG_ENABLE_MODULES = YES;
				CLANG_ENABLE_OBJC_ARC = YES;
				CLANG_ENABLE_OBJC_WEAK = YES;
				CLANG_WARN_BLOCK_CAPTURE_AUTORELEASING = YES;
				CLANG_WARN_BOOL_CONVERSION = YES;
				CLANG_WARN_COMMA = YES;
				CLANG_WARN_CONSTANT_CONVERSION = YES;
				CLANG_WARN_DEPRECATED_OBJC_IMPLEMENTATIONS = YES;
				CLANG_WARN_DIRECT_OBJC_ISA_USAGE = YES_ERROR;
				CLANG_WARN_DOCUMENTATION_COMMENTS = YES;
				CLANG_WARN_EMPTY_BODY = YES;
				CLANG_WARN_ENUM_CONVERSION = YES;
				CLANG_WARN_INFINITE_RECURSION = YES;
				CLANG_WARN_INT_CONVERSION = YES;
				CLANG_WARN_NON_LITERAL_NULL_CONVERSION = YES;
				CLANG_WARN_OBJC_IMPLICIT_RETAIN_SELF = YES;
				CLANG_WARN_OBJC_LITERAL_CONVERSION = YES;
				CLANG_WARN_OBJC_ROOT_CLASS = YES_ERROR;
				CLANG_WARN_QUOTED_INCLUDE_IN_FRAMEWORK_HEADER = YES;
				CLANG_WARN_RANGE_LOOP_ANALYSIS = YES;
				CLANG_WARN_STRICT_PROTOTYPES = YES;
				CLANG_WARN_SUSPICIOUS_MOVE = YES;
				CLANG_WARN_UNGUARDED_AVAILABILITY = YES_AGGRESSIVE;
				CLANG_WARN_UNREACHABLE_CODE = YES;
				CLANG_WARN__DUPLICATE_METHOD_MATCH = YES;
				COPY_PHASE_STRIP = NO;
				DEBUG_INFORMATION_FORMAT = "dwarf-with-dsym";
				ENABLE_NS_ASSERTIONS = NO;
				ENABLE_STRICT_OBJC_MSGSEND = YES;
				GCC_C_LANGUAGE_STANDARD = gnu11;
				GCC_NO_COMMON_BLOCKS = YES;
				GCC_WARN_64_TO_32_BIT_CONVERSION = YES;
				GCC_WARN_ABOUT_RETURN_TYPE = YES_ERROR;
				GCC_WARN_UNDECLARED_SELECTOR = YES;
				GCC_WARN_UNINITIALIZED_AUTOS = YES_AGGRESSIVE;
				GCC_WARN_UNUSED_FUNCTION = YES;
				GCC_WARN_UNUSED_VARIABLE = YES;
				IPHONEOS_DEPLOYMENT_TARGET = 13.0;
				MTL_ENABLE_DEBUG_INFO = NO;
				MTL_FAST_MATH = YES;
				SDKROOT = iphoneos;
				SWIFT_COMPILATION_MODE = wholemodule;
				SWIFT_OPTIMIZATION_LEVEL = "-O";
				VALIDATE_PRODUCT = YES;
			};
			name = Release;
		};
		8467CAB9257753FE009A1E14 /* Debug */ = {
			isa = XCBuildConfiguration;
			baseConfigurationReference = 4B994162BA8AB28746624175 /* Pods-BikeSpotSearch.debug.xcconfig */;
			buildSettings = {
				ASSETCATALOG_COMPILER_APPICON_NAME = AppIcon;
				ASSETCATALOG_COMPILER_GLOBAL_ACCENT_COLOR_NAME = AccentColor;
				CODE_SIGN_STYLE = Automatic;
				DEVELOPMENT_TEAM = 865EAR2L75;
				INFOPLIST_FILE = BikeSpotSearch/Resources/Info.plist;
				LD_RUNPATH_SEARCH_PATHS = (
					"$(inherited)",
					"@executable_path/Frameworks",
				);
				PRODUCT_BUNDLE_IDENTIFIER = kentomiyabayashi.BikeSpotSearch;
				PRODUCT_NAME = "$(TARGET_NAME)";
				SWIFT_VERSION = 5.0;
				TARGETED_DEVICE_FAMILY = "1,2";
			};
			name = Debug;
		};
		8467CABA257753FE009A1E14 /* Release */ = {
			isa = XCBuildConfiguration;
			baseConfigurationReference = 4D2095474DC7FFA325C67A8A /* Pods-BikeSpotSearch.release.xcconfig */;
			buildSettings = {
				ASSETCATALOG_COMPILER_APPICON_NAME = AppIcon;
				ASSETCATALOG_COMPILER_GLOBAL_ACCENT_COLOR_NAME = AccentColor;
				CODE_SIGN_STYLE = Automatic;
				DEVELOPMENT_TEAM = 865EAR2L75;
				INFOPLIST_FILE = BikeSpotSearch/Resources/Info.plist;
				LD_RUNPATH_SEARCH_PATHS = (
					"$(inherited)",
					"@executable_path/Frameworks",
				);
				PRODUCT_BUNDLE_IDENTIFIER = kentomiyabayashi.BikeSpotSearch;
				PRODUCT_NAME = "$(TARGET_NAME)";
				SWIFT_VERSION = 5.0;
				TARGETED_DEVICE_FAMILY = "1,2";
			};
			name = Release;
		};
		8467CABC257753FE009A1E14 /* Debug */ = {
			isa = XCBuildConfiguration;
			baseConfigurationReference = F08BC9ABD779FE74ABCAB5D3 /* Pods-BikeSpotSearchTests.debug.xcconfig */;
			buildSettings = {
				ALWAYS_EMBED_SWIFT_STANDARD_LIBRARIES = YES;
				BUNDLE_LOADER = "$(TEST_HOST)";
				CODE_SIGN_STYLE = Automatic;
				DEVELOPMENT_TEAM = 865EAR2L75;
				INFOPLIST_FILE = BikeSpotSearchTests/Info.plist;
				IPHONEOS_DEPLOYMENT_TARGET = 14.2;
				LD_RUNPATH_SEARCH_PATHS = (
					"$(inherited)",
					"@executable_path/Frameworks",
					"@loader_path/Frameworks",
				);
				PRODUCT_BUNDLE_IDENTIFIER = kentomiyabayashi.BikeSpotSearchTests;
				PRODUCT_NAME = "$(TARGET_NAME)";
				SWIFT_VERSION = 5.0;
				TARGETED_DEVICE_FAMILY = "1,2";
				TEST_HOST = "$(BUILT_PRODUCTS_DIR)/BikeSpotSearch.app/BikeSpotSearch";
			};
			name = Debug;
		};
		8467CABD257753FE009A1E14 /* Release */ = {
			isa = XCBuildConfiguration;
			baseConfigurationReference = FFBA96C5D6932A8091615638 /* Pods-BikeSpotSearchTests.release.xcconfig */;
			buildSettings = {
				ALWAYS_EMBED_SWIFT_STANDARD_LIBRARIES = YES;
				BUNDLE_LOADER = "$(TEST_HOST)";
				CODE_SIGN_STYLE = Automatic;
				DEVELOPMENT_TEAM = 865EAR2L75;
				INFOPLIST_FILE = BikeSpotSearchTests/Info.plist;
				IPHONEOS_DEPLOYMENT_TARGET = 14.2;
				LD_RUNPATH_SEARCH_PATHS = (
					"$(inherited)",
					"@executable_path/Frameworks",
					"@loader_path/Frameworks",
				);
				PRODUCT_BUNDLE_IDENTIFIER = kentomiyabayashi.BikeSpotSearchTests;
				PRODUCT_NAME = "$(TARGET_NAME)";
				SWIFT_VERSION = 5.0;
				TARGETED_DEVICE_FAMILY = "1,2";
				TEST_HOST = "$(BUILT_PRODUCTS_DIR)/BikeSpotSearch.app/BikeSpotSearch";
			};
			name = Release;
		};
		8467CABF257753FE009A1E14 /* Debug */ = {
			isa = XCBuildConfiguration;
			baseConfigurationReference = AD1735EE927A836941A4558E /* Pods-BikeSpotSearch-BikeSpotSearchUITests.debug.xcconfig */;
			buildSettings = {
				ALWAYS_EMBED_SWIFT_STANDARD_LIBRARIES = YES;
				CODE_SIGN_STYLE = Automatic;
				DEVELOPMENT_TEAM = 865EAR2L75;
				INFOPLIST_FILE = BikeSpotSearchUITests/Info.plist;
				LD_RUNPATH_SEARCH_PATHS = (
					"$(inherited)",
					"@executable_path/Frameworks",
					"@loader_path/Frameworks",
				);
				PRODUCT_BUNDLE_IDENTIFIER = kentomiyabayashi.BikeSpotSearchUITests;
				PRODUCT_NAME = "$(TARGET_NAME)";
				SWIFT_VERSION = 5.0;
				TARGETED_DEVICE_FAMILY = "1,2";
				TEST_TARGET_NAME = BikeSpotSearch;
			};
			name = Debug;
		};
		8467CAC0257753FE009A1E14 /* Release */ = {
			isa = XCBuildConfiguration;
			baseConfigurationReference = 17A8F1E6B9A310CB8AFDD2FE /* Pods-BikeSpotSearch-BikeSpotSearchUITests.release.xcconfig */;
			buildSettings = {
				ALWAYS_EMBED_SWIFT_STANDARD_LIBRARIES = YES;
				CODE_SIGN_STYLE = Automatic;
				DEVELOPMENT_TEAM = 865EAR2L75;
				INFOPLIST_FILE = BikeSpotSearchUITests/Info.plist;
				LD_RUNPATH_SEARCH_PATHS = (
					"$(inherited)",
					"@executable_path/Frameworks",
					"@loader_path/Frameworks",
				);
				PRODUCT_BUNDLE_IDENTIFIER = kentomiyabayashi.BikeSpotSearchUITests;
				PRODUCT_NAME = "$(TARGET_NAME)";
				SWIFT_VERSION = 5.0;
				TARGETED_DEVICE_FAMILY = "1,2";
				TEST_TARGET_NAME = BikeSpotSearch;
			};
			name = Release;
		};
/* End XCBuildConfiguration section */

/* Begin XCConfigurationList section */
		8467CA89257753F9009A1E14 /* Build configuration list for PBXProject "BikeSpotSearch" */ = {
			isa = XCConfigurationList;
			buildConfigurations = (
				8467CAB6257753FE009A1E14 /* Debug */,
				8467CAB7257753FE009A1E14 /* Release */,
			);
			defaultConfigurationIsVisible = 0;
			defaultConfigurationName = Release;
		};
		8467CAB8257753FE009A1E14 /* Build configuration list for PBXNativeTarget "BikeSpotSearch" */ = {
			isa = XCConfigurationList;
			buildConfigurations = (
				8467CAB9257753FE009A1E14 /* Debug */,
				8467CABA257753FE009A1E14 /* Release */,
			);
			defaultConfigurationIsVisible = 0;
			defaultConfigurationName = Release;
		};
		8467CABB257753FE009A1E14 /* Build configuration list for PBXNativeTarget "BikeSpotSearchTests" */ = {
			isa = XCConfigurationList;
			buildConfigurations = (
				8467CABC257753FE009A1E14 /* Debug */,
				8467CABD257753FE009A1E14 /* Release */,
			);
			defaultConfigurationIsVisible = 0;
			defaultConfigurationName = Release;
		};
		8467CABE257753FE009A1E14 /* Build configuration list for PBXNativeTarget "BikeSpotSearchUITests" */ = {
			isa = XCConfigurationList;
			buildConfigurations = (
				8467CABF257753FE009A1E14 /* Debug */,
				8467CAC0257753FE009A1E14 /* Release */,
			);
			defaultConfigurationIsVisible = 0;
			defaultConfigurationName = Release;
		};
/* End XCConfigurationList section */

/* Begin XCRemoteSwiftPackageReference section */
		8474207B2578BFDE0038B829 /* XCRemoteSwiftPackageReference "Alamofire" */ = {
			isa = XCRemoteSwiftPackageReference;
			repositoryURL = "https://github.com/Alamofire/Alamofire";
			requirement = {
				kind = upToNextMajorVersion;
				minimumVersion = 5.4.0;
			};
		};
/* End XCRemoteSwiftPackageReference section */

/* Begin XCSwiftPackageProductDependency section */
		8474207C2578BFDE0038B829 /* Alamofire */ = {
			isa = XCSwiftPackageProductDependency;
			package = 8474207B2578BFDE0038B829 /* XCRemoteSwiftPackageReference "Alamofire" */;
			productName = Alamofire;
		};
/* End XCSwiftPackageProductDependency section */
	};
	rootObject = 8467CA86257753F9009A1E14 /* Project object */;
}
